
Microsoft Visual Studio Solution File, Format Version 12.00
# Visual Studio Version 17
VisualStudioVersion = 17.5.002.0
MinimumVisualStudioVersion = 10.0.40219.1
Project("{9A19103F-16F7-4668-BE54-9A1E7A4F7556}") = "tracing", "tracing.csproj", "{7DE19ADA-C595-45EA-AF16-CBC7CB44DBCE}"
EndProject
Global
	GlobalSection(SolutionConfigurationPlatforms) = preSolution
		Debug|Any CPU = Debug|Any CPU
		Release|Any CPU = Release|Any CPU
	EndGlobalSection
	GlobalSection(ProjectConfigurationPlatforms) = postSolution
		{7DE19ADA-C595-45EA-AF16-CBC7CB44DBCE}.Debug|Any CPU.ActiveCfg = Debug|Any CPU
		{7DE19ADA-C595-45EA-AF16-CBC7CB44DBCE}.Debug|Any CPU.Build.0 = Debug|Any CPU
		{7DE19ADA-C595-45EA-AF16-CBC7CB44DBCE}.Release|Any CPU.ActiveCfg = Release|Any CPU
		{7DE19ADA-C595-45EA-AF16-CBC7CB44DBCE}.Release|Any CPU.Build.0 = Release|Any CPU
	EndGlobalSection
	GlobalSection(SolutionProperties) = preSolution
		HideSolutionNode = FALSE
	EndGlobalSection
	GlobalSection(ExtensibilityGlobals) = postSolution
		SolutionGuid = {8D30D5A5-0367-4809-8112-1E48F595941E}
	EndGlobalSection
EndGlobal
